
Microsoft Visual Studio Solution File, Format Version 11.00
# Visual Studio 2010
Project("{FAE04EC0-301F-11D3-BF4B-00C04F79EFBC}") = "Don-t-Be-Drown-V", "Assembly-CSharp.csproj", "{2B51289A-2B51-D5EC-6B73-5EA03519E911}"
EndProject
Project("{FAE04EC0-301F-11D3-BF4B-00C04F79EFBC}") = "Don-t-Be-Drown-V", "Assembly-CSharp-Editor.csproj", "{950D088F-A116-7149-BB6C-BA5717A77B4B}"
EndProject
Global
	GlobalSection(SolutionConfigurationPlatforms) = preSolution
		Debug|Any CPU = Debug|Any CPU
		Release|Any CPU = Release|Any CPU
	EndGlobalSection
	GlobalSection(ProjectConfigurationPlatforms) = postSolution
		{2B51289A-2B51-D5EC-6B73-5EA03519E911}.Debug|Any CPU.ActiveCfg = Debug|Any CPU
		{2B51289A-2B51-D5EC-6B73-5EA03519E911}.Debug|Any CPU.Build.0 = Debug|Any CPU
		{2B51289A-2B51-D5EC-6B73-5EA03519E911}.Release|Any CPU.ActiveCfg = Release|Any CPU
		{2B51289A-2B51-D5EC-6B73-5EA03519E911}.Release|Any CPU.Build.0 = Release|Any CPU
		{950D088F-A116-7149-BB6C-BA5717A77B4B}.Debug|Any CPU.ActiveCfg = Debug|Any CPU
		{950D088F-A116-7149-BB6C-BA5717A77B4B}.Debug|Any CPU.Build.0 = Debug|Any CPU
		{950D088F-A116-7149-BB6C-BA5717A77B4B}.Release|Any CPU.ActiveCfg = Release|Any CPU
		{950D088F-A116-7149-BB6C-BA5717A77B4B}.Release|Any CPU.Build.0 = Release|Any CPU
	EndGlobalSection
	GlobalSection(SolutionProperties) = preSolution
		HideSolutionNode = FALSE
	EndGlobalSection
	GlobalSection(MonoDevelopProperties) = preSolution
		StartupItem = Assembly-CSharp.csproj
	EndGlobalSection
EndGlobal
