
Microsoft Visual Studio Solution File, Format Version 12.00
# Visual Studio 2017
Project("{FAE04EC0-301F-11D3-BF4B-00C04F79EFBC}") = "Dont Drown", "Dont Drown.csproj", "{35985431-8882-9327-9DB9-3CB9213F7D99}"
EndProject
Project("{FAE04EC0-301F-11D3-BF4B-00C04F79EFBC}") = "Dont Drown.Editor", "Dont Drown.Editor.csproj", "{ABF12837-4456-07FA-6970-4E41926BCA71}"
EndProject
Global
	GlobalSection(SolutionConfigurationPlatforms) = preSolution
		Debug|Any CPU = Debug|Any CPU
		Release|Any CPU = Release|Any CPU
	EndGlobalSection
	GlobalSection(ProjectConfigurationPlatforms) = postSolution
		{35985431-8882-9327-9DB9-3CB9213F7D99}.Debug|Any CPU.ActiveCfg = Debug|Any CPU
		{35985431-8882-9327-9DB9-3CB9213F7D99}.Debug|Any CPU.Build.0 = Debug|Any CPU
		{35985431-8882-9327-9DB9-3CB9213F7D99}.Release|Any CPU.ActiveCfg = Release|Any CPU
		{35985431-8882-9327-9DB9-3CB9213F7D99}.Release|Any CPU.Build.0 = Release|Any CPU
		{ABF12837-4456-07FA-6970-4E41926BCA71}.Debug|Any CPU.ActiveCfg = Debug|Any CPU
		{ABF12837-4456-07FA-6970-4E41926BCA71}.Debug|Any CPU.Build.0 = Debug|Any CPU
		{ABF12837-4456-07FA-6970-4E41926BCA71}.Release|Any CPU.ActiveCfg = Release|Any CPU
		{ABF12837-4456-07FA-6970-4E41926BCA71}.Release|Any CPU.Build.0 = Release|Any CPU
	EndGlobalSection
	GlobalSection(SolutionProperties) = preSolution
		HideSolutionNode = FALSE
	EndGlobalSection
EndGlobal
